<?xml version="1.0" encoding="utf-8"?>
<Project ToolsVersion="4.0" xmlns="http://schemas.microsoft.com/developer/msbuild/2003">
  <ItemGroup>
    <ClCompile Include="src\WorldGame.cpp">
      <Filter>Source Files</Filter>
    </ClCompile>
    <ClCompile Include="src\Main.cpp">
      <Filter>Source Files</Filter>
    </ClCompile>
    <ClCompile Include="src\Terrain.cpp">
      <Filter>Source Files</Filter>
    </ClCompile>
    <ClCompile Include="src\TerrainNode.cpp">
      <Filter>Source Files</Filter>
    </ClCompile>
  </ItemGroup>
  <ItemGroup>
    <Filter Include="Header Files">
      <UniqueIdentifier>{923cd750-e599-4ea4-a219-4b11a55e321d}</UniqueIdentifier>
    </Filter>
    <Filter Include="Source Files">
      <UniqueIdentifier>{e3b52c8c-da32-42c3-83bc-fb2096fadae7}</UniqueIdentifier>
    </Filter>
    <Filter Include="Resource Files">
      <UniqueIdentifier>{59efc242-127f-435d-9797-a5938581cfc1}</UniqueIdentifier>
    </Filter>
    <Filter Include="Resource Files\terrain">
      <UniqueIdentifier>{16469875-0f34-48c4-b03d-b0eff55722df}</UniqueIdentifier>
    </Filter>
  </ItemGroup>
  <ItemGroup>
    <ClInclude Include="src\WorldGame.hpp">
      <Filter>Header Files</Filter>
    </ClInclude>
    <ClInclude Include="src\TerrainNode.hpp">
      <Filter>Header Files</Filter>
    </ClInclude>
    <ClInclude Include="src\Terrain.hpp">
      <Filter>Header Files</Filter>
    </ClInclude>
  </ItemGroup>
  <ItemGroup>
    <None Include="res\terrain\shaders\terrain.ps.glsl">
      <Filter>Resource Files\terrain</Filter>
    </None>
    <None Include="res\terrain\shaders\terrain.vs.glsl">
      <Filter>Resource Files\terrain</Filter>
    </None>
  </ItemGroup>
</Project>