<?xml version="1.0" encoding="utf-8"?>
<Project ToolsVersion="4.0" xmlns="http://schemas.microsoft.com/developer/msbuild/2003">
  <ItemGroup>
    <ClCompile Include="src\WorldGame.cpp">
      <Filter>Source Files</Filter>
    </ClCompile>
    <ClCompile Include="src\Main.cpp">
      <Filter>Source Files</Filter>
    </ClCompile>
    <ClCompile Include="src\Terrain\Terrain.cpp">
      <Filter>Source Files\Terrain</Filter>
    </ClCompile>
    <ClCompile Include="src\Terrain\TerrainNode.cpp">
      <Filter>Source Files\Terrain</Filter>
    </ClCompile>
    <ClCompile Include="src\Sky\Skydome.cpp">
      <Filter>Source Files\Sky</Filter>
    </ClCompile>
    <ClCompile Include="src\FX\FX.cpp">
      <Filter>Source Files\FX</Filter>
    </ClCompile>
    <ClCompile Include="src\FX\ShadowMap.cpp">
      <Filter>Source Files\FX</Filter>
    </ClCompile>
  </ItemGroup>
  <ItemGroup>
    <Filter Include="Header Files">
      <UniqueIdentifier>{923cd750-e599-4ea4-a219-4b11a55e321d}</UniqueIdentifier>
    </Filter>
    <Filter Include="Source Files">
      <UniqueIdentifier>{e3b52c8c-da32-42c3-83bc-fb2096fadae7}</UniqueIdentifier>
    </Filter>
    <Filter Include="Resource Files">
      <UniqueIdentifier>{59efc242-127f-435d-9797-a5938581cfc1}</UniqueIdentifier>
    </Filter>
    <Filter Include="Resource Files\terrain">
      <UniqueIdentifier>{16469875-0f34-48c4-b03d-b0eff55722df}</UniqueIdentifier>
    </Filter>
    <Filter Include="Resource Files\terrain\glsl">
      <UniqueIdentifier>{10b9eb1b-d73b-485c-94c5-3b5d5607f205}</UniqueIdentifier>
    </Filter>
    <Filter Include="Resource Files\skybox">
      <UniqueIdentifier>{f43207b1-f1ba-4142-b02f-aaf841cdd4a7}</UniqueIdentifier>
    </Filter>
    <Filter Include="Resource Files\skybox\glsl">
      <UniqueIdentifier>{7f33c5ff-5a22-49ec-b03a-a402fb8c53d5}</UniqueIdentifier>
    </Filter>
    <Filter Include="Resource Files\fx">
      <UniqueIdentifier>{86d08c26-555c-4865-9ce8-2ed6189899b3}</UniqueIdentifier>
    </Filter>
    <Filter Include="Resource Files\terrain\glsl\shadow">
      <UniqueIdentifier>{7c7bec69-930a-4505-808f-84d284ca0ba4}</UniqueIdentifier>
    </Filter>
    <Filter Include="Header Files\Sky">
      <UniqueIdentifier>{2298a655-019d-4b7b-90dd-a4f8cd862e97}</UniqueIdentifier>
    </Filter>
    <Filter Include="Header Files\Terrain">
      <UniqueIdentifier>{ba22992c-5b2f-48f2-8fe3-27e78ef44a55}</UniqueIdentifier>
    </Filter>
    <Filter Include="Header Files\FX">
      <UniqueIdentifier>{568a864b-278d-4453-9a5a-b7936f1ac3f7}</UniqueIdentifier>
    </Filter>
    <Filter Include="Source Files\FX">
      <UniqueIdentifier>{3a6baa64-f2bb-4690-a3b9-09dc8c93300b}</UniqueIdentifier>
    </Filter>
    <Filter Include="Source Files\Sky">
      <UniqueIdentifier>{0238c0ac-af7b-4901-bab6-f766d8936321}</UniqueIdentifier>
    </Filter>
    <Filter Include="Source Files\Terrain">
      <UniqueIdentifier>{86ca51ab-3156-45c3-b88a-ccfe88289eec}</UniqueIdentifier>
    </Filter>
    <Filter Include="Resource Files\terrain\hlsl">
      <UniqueIdentifier>{3d1c49a9-378f-4208-9b26-e093ee3aa422}</UniqueIdentifier>
    </Filter>
    <Filter Include="Resource Files\terrain\hlsl\shadow">
      <UniqueIdentifier>{aca8470d-8f2a-4b75-8c93-4652306e5dfe}</UniqueIdentifier>
    </Filter>
    <Filter Include="Resource Files\skybox\hlsl">
      <UniqueIdentifier>{1849ddaf-da1c-420f-835a-24589f427207}</UniqueIdentifier>
    </Filter>
    <Filter Include="Resource Files\fx\glsl">
      <UniqueIdentifier>{9d1927c3-d7e0-4ef1-8c06-f0ae2c608063}</UniqueIdentifier>
    </Filter>
    <Filter Include="Resource Files\fx\hlsl">
      <UniqueIdentifier>{e5c244ea-1fb9-4432-8c88-cc70fb758a98}</UniqueIdentifier>
    </Filter>
    <Filter Include="Resource Files\fx\glsl\lighting">
      <UniqueIdentifier>{f60bb1eb-fe69-48a3-b2da-6b56b0b80b6e}</UniqueIdentifier>
    </Filter>
    <Filter Include="Resource Files\fx\hlsl\lighting">
      <UniqueIdentifier>{7253f9de-8371-4b0b-b111-640b39373c40}</UniqueIdentifier>
    </Filter>
  </ItemGroup>
  <ItemGroup>
    <ClInclude Include="src\WorldGame.hpp">
      <Filter>Header Files</Filter>
    </ClInclude>
    <ClInclude Include="src\Terrain\Terrain.hpp">
      <Filter>Header Files\Terrain</Filter>
    </ClInclude>
    <ClInclude Include="src\Terrain\TerrainNode.hpp">
      <Filter>Header Files\Terrain</Filter>
    </ClInclude>
    <ClInclude Include="src\Sky\Skydome.hpp">
      <Filter>Header Files\Sky</Filter>
    </ClInclude>
    <ClInclude Include="src\FX\FX.hpp">
      <Filter>Header Files\FX</Filter>
    </ClInclude>
    <ClInclude Include="src\FX\ShadowMap.hpp">
      <Filter>Header Files\FX</Filter>
    </ClInclude>
  </ItemGroup>
  <ItemGroup>
    <None Include="res\terrain\shaders\glsl\terrain.ps.glsl">
      <Filter>Resource Files\terrain\glsl</Filter>
    </None>
    <None Include="res\terrain\shaders\glsl\terrain.vs.glsl">
      <Filter>Resource Files\terrain\glsl</Filter>
    </None>
    <None Include="res\terrain\shaders\glsl\terrain.gs.glsl">
      <Filter>Resource Files\terrain\glsl</Filter>
    </None>
    <None Include="res\skydome\shaders\glsl\skydome.ps.glsl">
      <Filter>Resource Files\skybox\glsl</Filter>
    </None>
    <None Include="res\skydome\shaders\glsl\skydome.vs.glsl">
      <Filter>Resource Files\skybox\glsl</Filter>
    </None>
    <None Include="res\terrain\shaders\glsl\shadow\terrainShadow.vs.glsl">
      <Filter>Resource Files\terrain\glsl\shadow</Filter>
    </None>
    <None Include="res\terrain\shaders\glsl\shadow\terrainShadow.ps.glsl">
      <Filter>Resource Files\terrain\glsl\shadow</Filter>
    </None>
    <None Include="res\fx\glsl\fx.vs.glsl">
      <Filter>Resource Files\fx\glsl</Filter>
    </None>
    <None Include="res\fx\glsl\lighting\lighting.ps.glsl">
      <Filter>Resource Files\fx\glsl\lighting</Filter>
    </None>
  </ItemGroup>
  <ItemGroup>
    <FxCompile Include="res\terrain\shaders\hlsl\terrain.ps.hlsl">
      <Filter>Resource Files\terrain\hlsl</Filter>
    </FxCompile>
    <FxCompile Include="res\terrain\shaders\hlsl\terrain.vs.hlsl">
      <Filter>Resource Files\terrain\hlsl</Filter>
    </FxCompile>
    <FxCompile Include="res\terrain\shaders\hlsl\terrain.gs.hlsl">
      <Filter>Resource Files\terrain\hlsl</Filter>
    </FxCompile>
    <FxCompile Include="res\terrain\shaders\hlsl\shadow\terrainShadow.vs.hlsl">
      <Filter>Resource Files\terrain\hlsl\shadow</Filter>
    </FxCompile>
    <FxCompile Include="res\terrain\shaders\hlsl\shadow\terrainShadow.ps.hlsl">
      <Filter>Resource Files\terrain\hlsl\shadow</Filter>
    </FxCompile>
    <FxCompile Include="res\skydome\shaders\hlsl\skydome.vs.hlsl">
      <Filter>Resource Files\skybox\hlsl</Filter>
    </FxCompile>
    <FxCompile Include="res\skydome\shaders\hlsl\skydome.ps.hlsl">
      <Filter>Resource Files\skybox\hlsl</Filter>
    </FxCompile>
    <FxCompile Include="res\fx\hlsl\fx.vs.hlsl">
      <Filter>Resource Files\fx\hlsl</Filter>
    </FxCompile>
    <FxCompile Include="res\fx\hlsl\lighting\lighting.ps.hlsl">
      <Filter>Resource Files\fx\hlsl\lighting</Filter>
    </FxCompile>
  </ItemGroup>
</Project>