<?xml version="1.0" encoding="utf-8"?>
<Project ToolsVersion="4.0" xmlns="http://schemas.microsoft.com/developer/msbuild/2003">
  <ItemGroup>
    <Filter Include="Source Files">
      <UniqueIdentifier>{4FC737F1-C7A5-4376-A066-2A32D752A2FF}</UniqueIdentifier>
      <Extensions>cpp;c;cc;cxx;def;odl;idl;hpj;bat;asm;asmx</Extensions>
    </Filter>
    <Filter Include="Header Files">
      <UniqueIdentifier>{93995380-89BD-4b04-88EB-625FBE52EBFB}</UniqueIdentifier>
      <Extensions>h;hh;hpp;hxx;hm;inl;inc;xsd</Extensions>
    </Filter>
    <Filter Include="Resource Files">
      <UniqueIdentifier>{67DA6AB6-F800-4c08-8B7A-83BB121AAD01}</UniqueIdentifier>
      <Extensions>rc;ico;cur;bmp;dlg;rc2;rct;bin;rgs;gif;jpg;jpeg;jpe;resx;tiff;tif;png;wav;mfcribbon-ms</Extensions>
    </Filter>
    <Filter Include="Resource Files\terrain">
      <UniqueIdentifier>{96bea822-5151-434e-967a-5ebc2a356197}</UniqueIdentifier>
    </Filter>
    <Filter Include="Resource Files\skydome">
      <UniqueIdentifier>{4c67f9e4-149e-43fe-bbde-4249c9ced122}</UniqueIdentifier>
    </Filter>
    <Filter Include="Resource Files\terrain\glsl">
      <UniqueIdentifier>{f0c6fc03-7ee0-47eb-99f4-08ce0e792193}</UniqueIdentifier>
    </Filter>
    <Filter Include="Resource Files\terrain\hlsl">
      <UniqueIdentifier>{24056668-53b6-4e29-b2e8-3f9b4bea4226}</UniqueIdentifier>
    </Filter>
    <Filter Include="Resource Files\skydome\glsl">
      <UniqueIdentifier>{a570d356-06b2-44fc-8d89-de2c29109b85}</UniqueIdentifier>
    </Filter>
    <Filter Include="Resource Files\skydome\hlsl">
      <UniqueIdentifier>{ec70e86b-f9af-40e7-851e-ad6efb64bb8c}</UniqueIdentifier>
    </Filter>
  </ItemGroup>
  <ItemGroup>
    <ClCompile Include="src\Main.cpp">
      <Filter>Source Files</Filter>
    </ClCompile>
    <ClCompile Include="src\Skydome.cpp">
      <Filter>Source Files</Filter>
    </ClCompile>
    <ClCompile Include="src\Terrain.cpp">
      <Filter>Source Files</Filter>
    </ClCompile>
    <ClCompile Include="src\TerrainNode.cpp">
      <Filter>Source Files</Filter>
    </ClCompile>
    <ClCompile Include="src\TerrainGame.cpp">
      <Filter>Source Files</Filter>
    </ClCompile>
  </ItemGroup>
  <ItemGroup>
    <ClInclude Include="src\Skydome.hpp">
      <Filter>Header Files</Filter>
    </ClInclude>
    <ClInclude Include="src\Terrain.hpp">
      <Filter>Header Files</Filter>
    </ClInclude>
    <ClInclude Include="src\TerrainNode.hpp">
      <Filter>Header Files</Filter>
    </ClInclude>
    <ClInclude Include="src\TerrainGame.hpp">
      <Filter>Header Files</Filter>
    </ClInclude>
  </ItemGroup>
  <ItemGroup>
    <FxCompile Include="res\skydome\shaders\skydome.ps.hlsl">
      <Filter>Resource Files\skydome\hlsl</Filter>
    </FxCompile>
    <FxCompile Include="res\skydome\shaders\skydome.vs.hlsl">
      <Filter>Resource Files\skydome\hlsl</Filter>
    </FxCompile>
    <FxCompile Include="res\terrain\shader\terrain.ps.hlsl">
      <Filter>Resource Files\terrain\hlsl</Filter>
    </FxCompile>
    <FxCompile Include="res\terrain\shader\terrain.vs.hlsl">
      <Filter>Resource Files\terrain\hlsl</Filter>
    </FxCompile>
    <FxCompile Include="res\terrain\shader\terrain.hs.hlsl">
      <Filter>Resource Files\terrain\hlsl</Filter>
    </FxCompile>
    <FxCompile Include="res\terrain\shader\terrain.ds.hlsl">
      <Filter>Resource Files\terrain\hlsl</Filter>
    </FxCompile>
    <FxCompile Include="res\terrain\shader\terrain.gs.hlsl">
      <Filter>Resource Files\terrain\hlsl</Filter>
    </FxCompile>
  </ItemGroup>
  <ItemGroup>
    <None Include="res\skydome\shaders\skydome.ps.glsl">
      <Filter>Resource Files\skydome\glsl</Filter>
    </None>
    <None Include="res\skydome\shaders\skydome.vs.glsl">
      <Filter>Resource Files\skydome\glsl</Filter>
    </None>
    <None Include="res\terrain\shader\terrain.ds.glsl">
      <Filter>Resource Files\terrain\glsl</Filter>
    </None>
    <None Include="res\terrain\shader\terrain.gs.glsl">
      <Filter>Resource Files\terrain\glsl</Filter>
    </None>
    <None Include="res\terrain\shader\terrain.hs.glsl">
      <Filter>Resource Files\terrain\glsl</Filter>
    </None>
    <None Include="res\terrain\shader\terrain.ps.glsl">
      <Filter>Resource Files\terrain\glsl</Filter>
    </None>
    <None Include="res\terrain\shader\terrain.vs.glsl">
      <Filter>Resource Files\terrain\glsl</Filter>
    </None>
  </ItemGroup>
</Project>