<?xml version="1.0" encoding="utf-8"?>
<Project ToolsVersion="4.0" xmlns="http://schemas.microsoft.com/developer/msbuild/2003">
  <ItemGroup>
    <Filter Include="Source Files">
      <UniqueIdentifier>{4FC737F1-C7A5-4376-A066-2A32D752A2FF}</UniqueIdentifier>
      <Extensions>cpp;c;cc;cxx;def;odl;idl;hpj;bat;asm;asmx</Extensions>
    </Filter>
    <Filter Include="Header Files">
      <UniqueIdentifier>{93995380-89BD-4b04-88EB-625FBE52EBFB}</UniqueIdentifier>
      <Extensions>h;hh;hpp;hxx;hm;inl;inc;xsd</Extensions>
    </Filter>
    <Filter Include="Resource Files">
      <UniqueIdentifier>{67DA6AB6-F800-4c08-8B7A-83BB121AAD01}</UniqueIdentifier>
      <Extensions>rc;ico;cur;bmp;dlg;rc2;rct;bin;rgs;gif;jpg;jpeg;jpe;resx;tiff;tif;png;wav;mfcribbon-ms</Extensions>
    </Filter>
    <Filter Include="Resource Files\shaders">
      <UniqueIdentifier>{153699f5-8751-42b8-b178-588931033e8d}</UniqueIdentifier>
    </Filter>
    <Filter Include="Resource Files\textures">
      <UniqueIdentifier>{3f901578-9248-49bf-80b3-b21a367ed985}</UniqueIdentifier>
    </Filter>
    <Filter Include="Resource Files\shaders\GLSL">
      <UniqueIdentifier>{8f8c601f-4c91-43b2-b0a5-cd6d1f80376b}</UniqueIdentifier>
    </Filter>
    <Filter Include="Resource Files\shaders\HLSL">
      <UniqueIdentifier>{2437a57e-6acb-4732-8edd-b52f8086527d}</UniqueIdentifier>
    </Filter>
  </ItemGroup>
  <ItemGroup>
    <ClInclude Include="src\TestGame.hpp">
      <Filter>Header Files</Filter>
    </ClInclude>
  </ItemGroup>
  <ItemGroup>
    <ClCompile Include="src\Main.cpp">
      <Filter>Source Files</Filter>
    </ClCompile>
    <ClCompile Include="src\TestGame.cpp">
      <Filter>Source Files</Filter>
    </ClCompile>
  </ItemGroup>
  <ItemGroup>
    <Image Include="res\textures\blocks.bmp">
      <Filter>Resource Files\textures</Filter>
    </Image>
  </ItemGroup>
  <ItemGroup>
    <None Include="res\shaders\texture.fs.glsl">
      <Filter>Resource Files\shaders</Filter>
    </None>
    <None Include="res\shaders\texture.vs.glsl">
      <Filter>Resource Files\shaders</Filter>
    </None>
    <None Include="res\shaders\GLSL\simple.vs.glsl">
      <Filter>Resource Files\shaders\GLSL</Filter>
    </None>
    <None Include="res\shaders\GLSL\simple.ps.glsl">
      <Filter>Resource Files\shaders\GLSL</Filter>
    </None>
  </ItemGroup>
  <ItemGroup>
    <FxCompile Include="res\shaders\HLSL\simple.vs.hlsl">
      <Filter>Resource Files\shaders\HLSL</Filter>
    </FxCompile>
    <FxCompile Include="res\shaders\HLSL\simple.ps.hlsl">
      <Filter>Resource Files\shaders\HLSL</Filter>
    </FxCompile>
  </ItemGroup>
</Project>