<?xml version="1.0" encoding="utf-8"?>
<Project ToolsVersion="4.0" xmlns="http://schemas.microsoft.com/developer/msbuild/2003">
  <ItemGroup>
    <Filter Include="Source Files">
      <UniqueIdentifier>{4FC737F1-C7A5-4376-A066-2A32D752A2FF}</UniqueIdentifier>
      <Extensions>cpp;c;cc;cxx;def;odl;idl;hpj;bat;asm;asmx</Extensions>
    </Filter>
    <Filter Include="Header Files">
      <UniqueIdentifier>{93995380-89BD-4b04-88EB-625FBE52EBFB}</UniqueIdentifier>
      <Extensions>h;hh;hpp;hxx;hm;inl;inc;xsd</Extensions>
    </Filter>
    <Filter Include="Resource Files">
      <UniqueIdentifier>{67DA6AB6-F800-4c08-8B7A-83BB121AAD01}</UniqueIdentifier>
      <Extensions>rc;ico;cur;bmp;dlg;rc2;rct;bin;rgs;gif;jpg;jpeg;jpe;resx;tiff;tif;png;wav;mfcribbon-ms</Extensions>
    </Filter>
    <Filter Include="Resource Files\skydome">
      <UniqueIdentifier>{19091f43-301b-4ec7-b6a8-1750f7f12716}</UniqueIdentifier>
    </Filter>
    <Filter Include="Resource Files\skydome\textures">
      <UniqueIdentifier>{8824f766-f4d3-4665-bca4-8ff4fff642c6}</UniqueIdentifier>
    </Filter>
    <Filter Include="Resource Files\skydome\shaders">
      <UniqueIdentifier>{8234b50d-e1f6-4754-8264-a509f3050530}</UniqueIdentifier>
    </Filter>
    <Filter Include="Resource Files\terrain">
      <UniqueIdentifier>{fbc9a9ff-d3cd-4fd2-aff6-861c013580fa}</UniqueIdentifier>
    </Filter>
    <Filter Include="Resource Files\terrain\textures">
      <UniqueIdentifier>{e8779177-d581-4a4c-b588-37deb347b4ed}</UniqueIdentifier>
    </Filter>
    <Filter Include="Resource Files\terrain\shaders">
      <UniqueIdentifier>{4417b680-cbcf-4d1b-b22d-ea7c3ec845a6}</UniqueIdentifier>
    </Filter>
  </ItemGroup>
  <ItemGroup>
    <ClInclude Include="src\TestGame.hpp">
      <Filter>Header Files</Filter>
    </ClInclude>
    <ClInclude Include="src\Skydome.hpp">
      <Filter>Header Files</Filter>
    </ClInclude>
    <ClInclude Include="src\Terrain.hpp">
      <Filter>Header Files</Filter>
    </ClInclude>
    <ClInclude Include="src\TerrainNode.hpp">
      <Filter>Header Files</Filter>
    </ClInclude>
  </ItemGroup>
  <ItemGroup>
    <ClCompile Include="src\Main.cpp">
      <Filter>Source Files</Filter>
    </ClCompile>
    <ClCompile Include="src\TestGame.cpp">
      <Filter>Source Files</Filter>
    </ClCompile>
    <ClCompile Include="src\Skydome.cpp">
      <Filter>Source Files</Filter>
    </ClCompile>
    <ClCompile Include="src\Terrain.cpp">
      <Filter>Source Files</Filter>
    </ClCompile>
    <ClCompile Include="src\TerrainNode.cpp">
      <Filter>Source Files</Filter>
    </ClCompile>
  </ItemGroup>
  <ItemGroup>
    <None Include="res\skydome\shaders\skydome.ps.glsl">
      <Filter>Resource Files\skydome\shaders</Filter>
    </None>
    <None Include="res\skydome\shaders\skydome.vs.glsl">
      <Filter>Resource Files\skydome\shaders</Filter>
    </None>
    <None Include="res\terrain\shaders\terrain.vs.glsl">
      <Filter>Resource Files\terrain\shaders</Filter>
    </None>
    <None Include="res\terrain\shaders\terrain.ps.glsl">
      <Filter>Resource Files\terrain\shaders</Filter>
    </None>
  </ItemGroup>
  <ItemGroup>
    <FxCompile Include="res\skydome\shaders\skydome.ps.hlsl">
      <Filter>Resource Files\skydome\shaders</Filter>
    </FxCompile>
    <FxCompile Include="res\skydome\shaders\skydome.vs.hlsl">
      <Filter>Resource Files\skydome\shaders</Filter>
    </FxCompile>
    <FxCompile Include="res\terrain\shaders\terrain.ps.hlsl">
      <Filter>Resource Files\terrain\shaders</Filter>
    </FxCompile>
    <FxCompile Include="res\terrain\shaders\terrain.vs.hlsl">
      <Filter>Resource Files\terrain\shaders</Filter>
    </FxCompile>
  </ItemGroup>
  <ItemGroup>
    <Image Include="res\skydome\textures\sky.jpg">
      <Filter>Resource Files\skydome\textures</Filter>
    </Image>
  </ItemGroup>
</Project>