<?xml version="1.0" encoding="utf-8"?>
<Project ToolsVersion="4.0" xmlns="http://schemas.microsoft.com/developer/msbuild/2003">
  <ItemGroup>
    <Filter Include="include">
      <UniqueIdentifier>{89AF369E-F58E-B539-FEA6-40106A051C9B}</UniqueIdentifier>
    </Filter>
    <Filter Include="include\App">
      <UniqueIdentifier>{3935C031-A5EA-3827-2EDF-32FE9A932F2B}</UniqueIdentifier>
    </Filter>
    <Filter Include="include\Event">
      <UniqueIdentifier>{9AF3EDA2-06B4-69D9-CFEE-B2563B6EAEB5}</UniqueIdentifier>
    </Filter>
    <Filter Include="include\Graphics">
      <UniqueIdentifier>{E901C778-D5FA-E5CA-FE2C-CB4FEA84C5D6}</UniqueIdentifier>
    </Filter>
    <Filter Include="include\Input">
      <UniqueIdentifier>{482232A3-B4E2-ADD9-7D1D-F756E99CF2B5}</UniqueIdentifier>
    </Filter>
    <Filter Include="include\Log">
      <UniqueIdentifier>{DA63C031-4619-3927-CF0D-33FE3BC22F2B}</UniqueIdentifier>
    </Filter>
    <Filter Include="include\Model">
      <UniqueIdentifier>{89DB7AA3-F59B-F6D9-BED6-3F572A563BB6}</UniqueIdentifier>
    </Filter>
    <Filter Include="include\Resource">
      <UniqueIdentifier>{C01BD8E0-AC14-F732-D546-DCB7C19ED63E}</UniqueIdentifier>
    </Filter>
    <Filter Include="include\Scene">
      <UniqueIdentifier>{66DFE0A3-D29F-5CDA-9BDA-A557075AA1B6}</UniqueIdentifier>
    </Filter>
    <Filter Include="include\Scene\Camera">
      <UniqueIdentifier>{1E65DEC7-0AF4-6791-B312-7C8C9F807837}</UniqueIdentifier>
    </Filter>
    <Filter Include="include\Scene\Light">
      <UniqueIdentifier>{8D67BD25-F9C8-9A33-8236-E1E5EE96D1F2}</UniqueIdentifier>
    </Filter>
    <Filter Include="include\Window">
      <UniqueIdentifier>{50C8C229-3C96-B62F-252A-275611979294}</UniqueIdentifier>
    </Filter>
    <Filter Include="src">
      <UniqueIdentifier>{2DAB880B-99B4-887C-2230-9F7C8E38947C}</UniqueIdentifier>
    </Filter>
    <Filter Include="src\App">
      <UniqueIdentifier>{DD622FA9-4942-AE44-525A-391BBEB814A6}</UniqueIdentifier>
    </Filter>
    <Filter Include="src\Log">
      <UniqueIdentifier>{7E912FA9-EA70-AE44-F388-391B5FE714A6}</UniqueIdentifier>
    </Filter>
    <Filter Include="src\Resource">
      <UniqueIdentifier>{E46F59CC-D0D2-E870-7958-2127659AB4F3}</UniqueIdentifier>
    </Filter>
    <Filter Include="src\Scene">
      <UniqueIdentifier>{0A06D2B3-7670-862A-BFAE-37D02B58647F}</UniqueIdentifier>
    </Filter>
    <Filter Include="src\Scene\Camera">
      <UniqueIdentifier>{422B757E-2E24-94D0-5756-795543AE73DC}</UniqueIdentifier>
    </Filter>
    <Filter Include="src\Scene\Light">
      <UniqueIdentifier>{31F9C11B-9D84-2FE0-A695-B2D412A08BE0}</UniqueIdentifier>
    </Filter>
  </ItemGroup>
  <ItemGroup>
    <ClInclude Include="include\App\App.h">
      <Filter>include\App</Filter>
    </ClInclude>
    <ClInclude Include="include\Core.h">
      <Filter>include</Filter>
    </ClInclude>
    <ClInclude Include="include\Entry.h">
      <Filter>include</Filter>
    </ClInclude>
    <ClInclude Include="include\Event\Event.h">
      <Filter>include\Event</Filter>
    </ClInclude>
    <ClInclude Include="include\Event\KeyEvent.h">
      <Filter>include\Event</Filter>
    </ClInclude>
    <ClInclude Include="include\Event\MouseEvent.h">
      <Filter>include\Event</Filter>
    </ClInclude>
    <ClInclude Include="include\Event\WindowEvent.h">
      <Filter>include\Event</Filter>
    </ClInclude>
    <ClInclude Include="include\Graphics\Buffer.h">
      <Filter>include\Graphics</Filter>
    </ClInclude>
    <ClInclude Include="include\Graphics\ConstantBuffer.h">
      <Filter>include\Graphics</Filter>
    </ClInclude>
    <ClInclude Include="include\Graphics\Graphics.h">
      <Filter>include\Graphics</Filter>
    </ClInclude>
    <ClInclude Include="include\Graphics\IndexBuffer.h">
      <Filter>include\Graphics</Filter>
    </ClInclude>
    <ClInclude Include="include\Graphics\Rasterizer.h">
      <Filter>include\Graphics</Filter>
    </ClInclude>
    <ClInclude Include="include\Graphics\RenderTarget.h">
      <Filter>include\Graphics</Filter>
    </ClInclude>
    <ClInclude Include="include\Graphics\Sampler.h">
      <Filter>include\Graphics</Filter>
    </ClInclude>
    <ClInclude Include="include\Graphics\Shader.h">
      <Filter>include\Graphics</Filter>
    </ClInclude>
    <ClInclude Include="include\Graphics\Texture.h">
      <Filter>include\Graphics</Filter>
    </ClInclude>
    <ClInclude Include="include\Graphics\VertexArray.h">
      <Filter>include\Graphics</Filter>
    </ClInclude>
    <ClInclude Include="include\Graphics\VertexBuffer.h">
      <Filter>include\Graphics</Filter>
    </ClInclude>
    <ClInclude Include="include\Input\InputCodes.h">
      <Filter>include\Input</Filter>
    </ClInclude>
    <ClInclude Include="include\Log\Log.h">
      <Filter>include\Log</Filter>
    </ClInclude>
    <ClInclude Include="include\Model\Mesh.h">
      <Filter>include\Model</Filter>
    </ClInclude>
    <ClInclude Include="include\Model\Model.h">
      <Filter>include\Model</Filter>
    </ClInclude>
    <ClInclude Include="include\NinthEngine.h">
      <Filter>include</Filter>
    </ClInclude>
    <ClInclude Include="include\Resource\ResourceLoader.h">
      <Filter>include\Resource</Filter>
    </ClInclude>
    <ClInclude Include="include\Scene\Camera\Camera.h">
      <Filter>include\Scene\Camera</Filter>
    </ClInclude>
    <ClInclude Include="include\Scene\Camera\PerspectiveCamera.h">
      <Filter>include\Scene\Camera</Filter>
    </ClInclude>
    <ClInclude Include="include\Scene\Light\AmbientLight.h">
      <Filter>include\Scene\Light</Filter>
    </ClInclude>
    <ClInclude Include="include\Scene\Light\DirectionalLight.h">
      <Filter>include\Scene\Light</Filter>
    </ClInclude>
    <ClInclude Include="include\Scene\Light\Light.h">
      <Filter>include\Scene\Light</Filter>
    </ClInclude>
    <ClInclude Include="include\Scene\Light\PointLight.h">
      <Filter>include\Scene\Light</Filter>
    </ClInclude>
    <ClInclude Include="include\Scene\Node.h">
      <Filter>include\Scene</Filter>
    </ClInclude>
    <ClInclude Include="include\Scene\Scene.h">
      <Filter>include\Scene</Filter>
    </ClInclude>
    <ClInclude Include="include\Window\Window.h">
      <Filter>include\Window</Filter>
    </ClInclude>
    <ClInclude Include="include\pch.h">
      <Filter>include</Filter>
    </ClInclude>
  </ItemGroup>
  <ItemGroup>
    <ClCompile Include="src\App\App.cpp">
      <Filter>src\App</Filter>
    </ClCompile>
    <ClCompile Include="src\Log\Log.cpp">
      <Filter>src\Log</Filter>
    </ClCompile>
    <ClCompile Include="src\Resource\ResourceLoader.cpp">
      <Filter>src\Resource</Filter>
    </ClCompile>
    <ClCompile Include="src\Scene\Camera\PerspectiveCamera.cpp">
      <Filter>src\Scene\Camera</Filter>
    </ClCompile>
    <ClCompile Include="src\Scene\Light\AmbientLight.cpp">
      <Filter>src\Scene\Light</Filter>
    </ClCompile>
    <ClCompile Include="src\Scene\Light\DirectionalLight.cpp">
      <Filter>src\Scene\Light</Filter>
    </ClCompile>
    <ClCompile Include="src\Scene\Light\PointLight.cpp">
      <Filter>src\Scene\Light</Filter>
    </ClCompile>
    <ClCompile Include="src\Scene\Scene.cpp">
      <Filter>src\Scene</Filter>
    </ClCompile>
    <ClCompile Include="src\pch.cpp">
      <Filter>src</Filter>
    </ClCompile>
  </ItemGroup>
</Project>